// !$*UTF8*$!
{
	archiveVersion = 1;
	classes = {
	};
	objectVersion = 50;
	objects = {

/* Begin PBXBuildFile section */
		3BAC5EE0444914B19197B0BF /* Pods_Salon_Spa_Appointments_app.framework in Frameworks */ = {isa = PBXBuildFile; fileRef = AF37C2A70FCE1860B9781B97 /* Pods_Salon_Spa_Appointments_app.framework */; };
		9601171F2369BDA6009014EA /* AppDelegate.swift in Sources */ = {isa = PBXBuildFile; fileRef = 9601171E2369BDA6009014EA /* AppDelegate.swift */; };
		960117212369BDA6009014EA /* SceneDelegate.swift in Sources */ = {isa = PBXBuildFile; fileRef = 960117202369BDA6009014EA /* SceneDelegate.swift */; };
		960117232369BDA6009014EA /* FirstViewController.swift in Sources */ = {isa = PBXBuildFile; fileRef = 960117222369BDA6009014EA /* FirstViewController.swift */; };
		960117252369BDA6009014EA /* SecondViewController.swift in Sources */ = {isa = PBXBuildFile; fileRef = 960117242369BDA6009014EA /* SecondViewController.swift */; };
		960117282369BDA6009014EA /* Main.storyboard in Resources */ = {isa = PBXBuildFile; fileRef = 960117262369BDA6009014EA /* Main.storyboard */; };
		9601172A2369BDA9009014EA /* Assets.xcassets in Resources */ = {isa = PBXBuildFile; fileRef = 960117292369BDA9009014EA /* Assets.xcassets */; };
		966A680A23730B1900068810 /* GoogleService-Info-2.plist in Resources */ = {isa = PBXBuildFile; fileRef = 966A680923730B1900068810 /* GoogleService-Info-2.plist */; };
		96AB951723705C54008A932E /* ThirdViewController.swift in Sources */ = {isa = PBXBuildFile; fileRef = 96AB951623705C54008A932E /* ThirdViewController.swift */; };
		CC599FD82369C9D300D4BD96 /* LaunchScreen.storyboard in Resources */ = {isa = PBXBuildFile; fileRef = CC599FD72369C9D300D4BD96 /* LaunchScreen.storyboard */; };
/* End PBXBuildFile section */

/* Begin PBXFileReference section */
		7E4AEC13D4B58B8B7E15F8B6 /* Pods-Salon Spa Appointments app.release.xcconfig */ = {isa = PBXFileReference; includeInIndex = 1; lastKnownFileType = text.xcconfig; name = "Pods-Salon Spa Appointments app.release.xcconfig"; path = "Target Support Files/Pods-Salon Spa Appointments app/Pods-Salon Spa Appointments app.release.xcconfig"; sourceTree = "<group>"; };
		845E07F4624958DD6378715E /* Pods-Salon Spa Appointments app.debug.xcconfig */ = {isa = PBXFileReference; includeInIndex = 1; lastKnownFileType = text.xcconfig; name = "Pods-Salon Spa Appointments app.debug.xcconfig"; path = "Target Support Files/Pods-Salon Spa Appointments app/Pods-Salon Spa Appointments app.debug.xcconfig"; sourceTree = "<group>"; };
		9601171B2369BDA6009014EA /* Salon Spa Appointments app.app */ = {isa = PBXFileReference; explicitFileType = wrapper.application; includeInIndex = 0; path = "Salon Spa Appointments app.app"; sourceTree = BUILT_PRODUCTS_DIR; };
		9601171E2369BDA6009014EA /* AppDelegate.swift */ = {isa = PBXFileReference; lastKnownFileType = sourcecode.swift; path = AppDelegate.swift; sourceTree = "<group>"; };
		960117202369BDA6009014EA /* SceneDelegate.swift */ = {isa = PBXFileReference; lastKnownFileType = sourcecode.swift; path = SceneDelegate.swift; sourceTree = "<group>"; };
		960117222369BDA6009014EA /* FirstViewController.swift */ = {isa = PBXFileReference; lastKnownFileType = sourcecode.swift; path = FirstViewController.swift; sourceTree = "<group>"; };
		960117242369BDA6009014EA /* SecondViewController.swift */ = {isa = PBXFileReference; lastKnownFileType = sourcecode.swift; path = SecondViewController.swift; sourceTree = "<group>"; };
		960117272369BDA6009014EA /* Base */ = {isa = PBXFileReference; lastKnownFileType = file.storyboard; name = Base; path = Base.lproj/Main.storyboard; sourceTree = "<group>"; };
		960117292369BDA9009014EA /* Assets.xcassets */ = {isa = PBXFileReference; lastKnownFileType = folder.assetcatalog; path = Assets.xcassets; sourceTree = "<group>"; };
		9601172E2369BDA9009014EA /* Info.plist */ = {isa = PBXFileReference; lastKnownFileType = text.plist.xml; path = Info.plist; sourceTree = "<group>"; };
		966A680923730B1900068810 /* GoogleService-Info-2.plist */ = {isa = PBXFileReference; fileEncoding = 4; lastKnownFileType = text.plist.xml; path = "GoogleService-Info-2.plist"; sourceTree = "<group>"; };
		96AB951623705C54008A932E /* ThirdViewController.swift */ = {isa = PBXFileReference; lastKnownFileType = sourcecode.swift; path = ThirdViewController.swift; sourceTree = "<group>"; };
		AF37C2A70FCE1860B9781B97 /* Pods_Salon_Spa_Appointments_app.framework */ = {isa = PBXFileReference; explicitFileType = wrapper.framework; includeInIndex = 0; path = Pods_Salon_Spa_Appointments_app.framework; sourceTree = BUILT_PRODUCTS_DIR; };
		CC599FD72369C9D300D4BD96 /* LaunchScreen.storyboard */ = {isa = PBXFileReference; lastKnownFileType = file.storyboard; path = LaunchScreen.storyboard; sourceTree = "<group>"; };
/* End PBXFileReference section */

/* Begin PBXFrameworksBuildPhase section */
		960117182369BDA6009014EA /* Frameworks */ = {
			isa = PBXFrameworksBuildPhase;
			buildActionMask = 2147483647;
			files = (
				3BAC5EE0444914B19197B0BF /* Pods_Salon_Spa_Appointments_app.framework in Frameworks */,
			);
			runOnlyForDeploymentPostprocessing = 0;
		};
/* End PBXFrameworksBuildPhase section */

/* Begin PBXGroup section */
		3DABD3D60B4E3AAE048B4B6B /* Frameworks */ = {
			isa = PBXGroup;
			children = (
				AF37C2A70FCE1860B9781B97 /* Pods_Salon_Spa_Appointments_app.framework */,
			);
			name = Frameworks;
			sourceTree = "<group>";
		};
		9063A6897890C48603765952 /* Pods */ = {
			isa = PBXGroup;
			children = (
				845E07F4624958DD6378715E /* Pods-Salon Spa Appointments app.debug.xcconfig */,
				7E4AEC13D4B58B8B7E15F8B6 /* Pods-Salon Spa Appointments app.release.xcconfig */,
			);
			name = Pods;
			path = Pods;
			sourceTree = "<group>";
		};
		960117122369BDA6009014EA = {
			isa = PBXGroup;
			children = (
				9601171D2369BDA6009014EA /* Salon Spa Appointments app */,
				9601171C2369BDA6009014EA /* Products */,
				9063A6897890C48603765952 /* Pods */,
				3DABD3D60B4E3AAE048B4B6B /* Frameworks */,
			);
			sourceTree = "<group>";
		};
		9601171C2369BDA6009014EA /* Products */ = {
			isa = PBXGroup;
			children = (
				9601171B2369BDA6009014EA /* Salon Spa Appointments app.app */,
			);
			name = Products;
			sourceTree = "<group>";
		};
		9601171D2369BDA6009014EA /* Salon Spa Appointments app */ = {
			isa = PBXGroup;
			children = (
				9601171E2369BDA6009014EA /* AppDelegate.swift */,
				960117202369BDA6009014EA /* SceneDelegate.swift */,
				960117222369BDA6009014EA /* FirstViewController.swift */,
				960117242369BDA6009014EA /* SecondViewController.swift */,
				96AB951623705C54008A932E /* ThirdViewController.swift */,
				960117262369BDA6009014EA /* Main.storyboard */,
				CC599FD72369C9D300D4BD96 /* LaunchScreen.storyboard */,
				966A680923730B1900068810 /* GoogleService-Info-2.plist */,
				960117292369BDA9009014EA /* Assets.xcassets */,
				9601172E2369BDA9009014EA /* Info.plist */,
			);
			path = "Salon Spa Appointments app";
			sourceTree = "<group>";
		};
/* End PBXGroup section */

/* Begin PBXNativeTarget section */
		9601171A2369BDA6009014EA /* Salon Spa Appointments app */ = {
			isa = PBXNativeTarget;
			buildConfigurationList = 960117312369BDA9009014EA /* Build configuration list for PBXNativeTarget "Salon Spa Appointments app" */;
			buildPhases = (
				A2CCE4EB7ADFB89A54DBCAC6 /* [CP] Check Pods Manifest.lock */,
				960117172369BDA6009014EA /* Sources */,
				960117182369BDA6009014EA /* Frameworks */,
				960117192369BDA6009014EA /* Resources */,
				0650FBA25EF7413503AAEBC0 /* [CP] Embed Pods Frameworks */,
				7501308F91061F8BB354F4C1 /* [CP] Copy Pods Resources */,
			);
			buildRules = (
			);
			dependencies = (
			);
			name = "Salon Spa Appointments app";
			productName = "Salon Spa Appointments app";
			productReference = 9601171B2369BDA6009014EA /* Salon Spa Appointments app.app */;
			productType = "com.apple.product-type.application";
		};
/* End PBXNativeTarget section */

/* Begin PBXProject section */
		960117132369BDA6009014EA /* Project object */ = {
			isa = PBXProject;
			attributes = {
				LastSwiftUpdateCheck = 1110;
				LastUpgradeCheck = 1110;
				ORGANIZATIONNAME = "Yusuf Ibrahim";
				TargetAttributes = {
					9601171A2369BDA6009014EA = {
						CreatedOnToolsVersion = 11.1;
					};
				};
			};
			buildConfigurationList = 960117162369BDA6009014EA /* Build configuration list for PBXProject "Salon Spa Appointments app" */;
			compatibilityVersion = "Xcode 9.3";
			developmentRegion = en;
			hasScannedForEncodings = 0;
			knownRegions = (
				en,
				Base,
			);
			mainGroup = 960117122369BDA6009014EA;
			productRefGroup = 9601171C2369BDA6009014EA /* Products */;
			projectDirPath = "";
			projectRoot = "";
			targets = (
				9601171A2369BDA6009014EA /* Salon Spa Appointments app */,
			);
		};
/* End PBXProject section */

/* Begin PBXResourcesBuildPhase section */
		960117192369BDA6009014EA /* Resources */ = {
			isa = PBXResourcesBuildPhase;
			buildActionMask = 2147483647;
			files = (
				CC599FD82369C9D300D4BD96 /* LaunchScreen.storyboard in Resources */,
				9601172A2369BDA9009014EA /* Assets.xcassets in Resources */,
				966A680A23730B1900068810 /* GoogleService-Info-2.plist in Resources */,
				960117282369BDA6009014EA /* Main.storyboard in Resources */,
			);
			runOnlyForDeploymentPostprocessing = 0;
		};
/* End PBXResourcesBuildPhase section */

/* Begin PBXShellScriptBuildPhase section */
		0650FBA25EF7413503AAEBC0 /* [CP] Embed Pods Frameworks */ = {
			isa = PBXShellScriptBuildPhase;
			buildActionMask = 2147483647;
			files = (
			);
			inputFileListPaths = (
				"${PODS_ROOT}/Target Support Files/Pods-Salon Spa Appointments app/Pods-Salon Spa Appointments app-frameworks-${CONFIGURATION}-input-files.xcfilelist",
			);
			name = "[CP] Embed Pods Frameworks";
			outputFileListPaths = (
				"${PODS_ROOT}/Target Support Files/Pods-Salon Spa Appointments app/Pods-Salon Spa Appointments app-frameworks-${CONFIGURATION}-output-files.xcfilelist",
			);
			runOnlyForDeploymentPostprocessing = 0;
			shellPath = /bin/sh;
			shellScript = "\"${PODS_ROOT}/Target Support Files/Pods-Salon Spa Appointments app/Pods-Salon Spa Appointments app-frameworks.sh\"\n";
			showEnvVarsInLog = 0;
		};
		7501308F91061F8BB354F4C1 /* [CP] Copy Pods Resources */ = {
			isa = PBXShellScriptBuildPhase;
			buildActionMask = 2147483647;
			files = (
			);
			inputFileListPaths = (
				"${PODS_ROOT}/Target Support Files/Pods-Salon Spa Appointments app/Pods-Salon Spa Appointments app-resources-${CONFIGURATION}-input-files.xcfilelist",
			);
			name = "[CP] Copy Pods Resources";
			outputFileListPaths = (
				"${PODS_ROOT}/Target Support Files/Pods-Salon Spa Appointments app/Pods-Salon Spa Appointments app-resources-${CONFIGURATION}-output-files.xcfilelist",
			);
			runOnlyForDeploymentPostprocessing = 0;
			shellPath = /bin/sh;
			shellScript = "\"${PODS_ROOT}/Target Support Files/Pods-Salon Spa Appointments app/Pods-Salon Spa Appointments app-resources.sh\"\n";
			showEnvVarsInLog = 0;
		};
		A2CCE4EB7ADFB89A54DBCAC6 /* [CP] Check Pods Manifest.lock */ = {
			isa = PBXShellScriptBuildPhase;
			buildActionMask = 2147483647;
			files = (
			);
			inputFileListPaths = (
			);
			inputPaths = (
				"${PODS_PODFILE_DIR_PATH}/Podfile.lock",
				"${PODS_ROOT}/Manifest.lock",
			);
			name = "[CP] Check Pods Manifest.lock";
			outputFileListPaths = (
			);
			outputPaths = (
				"$(DERIVED_FILE_DIR)/Pods-Salon Spa Appointments app-checkManifestLockResult.txt",
			);
			runOnlyForDeploymentPostprocessing = 0;
			shellPath = /bin/sh;
			shellScript = "diff \"${PODS_PODFILE_DIR_PATH}/Podfile.lock\" \"${PODS_ROOT}/Manifest.lock\" > /dev/null\nif [ $? != 0 ] ; then\n    # print error to STDERR\n    echo \"error: The sandbox is not in sync with the Podfile.lock. Run 'pod install' or update your CocoaPods installation.\" >&2\n    exit 1\nfi\n# This output is used by Xcode 'outputs' to avoid re-running this script phase.\necho \"SUCCESS\" > \"${SCRIPT_OUTPUT_FILE_0}\"\n";
			showEnvVarsInLog = 0;
		};
/* End PBXShellScriptBuildPhase section */

/* Begin PBXSourcesBuildPhase section */
		960117172369BDA6009014EA /* Sources */ = {
			isa = PBXSourcesBuildPhase;
			buildActionMask = 2147483647;
			files = (
				960117252369BDA6009014EA /* SecondViewController.swift in Sources */,
				960117232369BDA6009014EA /* FirstViewController.swift in Sources */,
				96AB951723705C54008A932E /* ThirdViewController.swift in Sources */,
				9601171F2369BDA6009014EA /* AppDelegate.swift in Sources */,
				960117212369BDA6009014EA /* SceneDelegate.swift in Sources */,
			);
			runOnlyForDeploymentPostprocessing = 0;
		};
/* End PBXSourcesBuildPhase section */

/* Begin PBXVariantGroup section */
		960117262369BDA6009014EA /* Main.storyboard */ = {
			isa = PBXVariantGroup;
			children = (
				960117272369BDA6009014EA /* Base */,
			);
			name = Main.storyboard;
			sourceTree = "<group>";
		};
/* End PBXVariantGroup section */

/* Begin XCBuildConfiguration section */
		9601172F2369BDA9009014EA /* Debug */ = {
			isa = XCBuildConfiguration;
			buildSettings = {
				ALWAYS_SEARCH_USER_PATHS = NO;
				CLANG_ANALYZER_NONNULL = YES;
				CLANG_ANALYZER_NUMBER_OBJECT_CONVERSION = YES_AGGRESSIVE;
				CLANG_CXX_LANGUAGE_STANDARD = "gnu++14";
				CLANG_CXX_LIBRARY = "libc++";
				CLANG_ENABLE_MODULES = YES;
				CLANG_ENABLE_OBJC_ARC = YES;
				CLANG_ENABLE_OBJC_WEAK = YES;
				CLANG_WARN_BLOCK_CAPTURE_AUTORELEASING = YES;
				CLANG_WARN_BOOL_CONVERSION = YES;
				CLANG_WARN_COMMA = YES;
				CLANG_WARN_CONSTANT_CONVERSION = YES;
				CLANG_WARN_DEPRECATED_OBJC_IMPLEMENTATIONS = YES;
				CLANG_WARN_DIRECT_OBJC_ISA_USAGE = YES_ERROR;
				CLANG_WARN_DOCUMENTATION_COMMENTS = YES;
				CLANG_WARN_EMPTY_BODY = YES;
				CLANG_WARN_ENUM_CONVERSION = YES;
				CLANG_WARN_INFINITE_RECURSION = YES;
				CLANG_WARN_INT_CONVERSION = YES;
				CLANG_WARN_NON_LITERAL_NULL_CONVERSION = YES;
				CLANG_WARN_OBJC_IMPLICIT_RETAIN_SELF = YES;
				CLANG_WARN_OBJC_LITERAL_CONVERSION = YES;
				CLANG_WARN_OBJC_ROOT_CLASS = YES_ERROR;
				CLANG_WARN_RANGE_LOOP_ANALYSIS = YES;
				CLANG_WARN_STRICT_PROTOTYPES = YES;
				CLANG_WARN_SUSPICIOUS_MOVE = YES;
				CLANG_WARN_UNGUARDED_AVAILABILITY = YES_AGGRESSIVE;
				CLANG_WARN_UNREACHABLE_CODE = YES;
				CLANG_WARN__DUPLICATE_METHOD_MATCH = YES;
				COPY_PHASE_STRIP = NO;
				DEBUG_INFORMATION_FORMAT = dwarf;
				ENABLE_STRICT_OBJC_MSGSEND = YES;
				ENABLE_TESTABILITY = YES;
				GCC_C_LANGUAGE_STANDARD = gnu11;
				GCC_DYNAMIC_NO_PIC = NO;
				GCC_NO_COMMON_BLOCKS = YES;
				GCC_OPTIMIZATION_LEVEL = 0;
				GCC_PREPROCESSOR_DEFINITIONS = (
					"DEBUG=1",
					"$(inherited)",
				);
				GCC_WARN_64_TO_32_BIT_CONVERSION = YES;
				GCC_WARN_ABOUT_RETURN_TYPE = YES_ERROR;
				GCC_WARN_UNDECLARED_SELECTOR = YES;
				GCC_WARN_UNINITIALIZED_AUTOS = YES_AGGRESSIVE;
				GCC_WARN_UNUSED_FUNCTION = YES;
				GCC_WARN_UNUSED_VARIABLE = YES;
				IPHONEOS_DEPLOYMENT_TARGET = 13.1;
				MTL_ENABLE_DEBUG_INFO = INCLUDE_SOURCE;
				MTL_FAST_MATH = YES;
				ONLY_ACTIVE_ARCH = YES;
				SDKROOT = iphoneos;
				SWIFT_ACTIVE_COMPILATION_CONDITIONS = DEBUG;
				SWIFT_OPTIMIZATION_LEVEL = "-Onone";
			};
			name = Debug;
		};
		960117302369BDA9009014EA /* Release */ = {
			isa = XCBuildConfiguration;
			buildSettings = {
				ALWAYS_SEARCH_USER_PATHS = NO;
				CLANG_ANALYZER_NONNULL = YES;
				CLANG_ANALYZER_NUMBER_OBJECT_CONVERSION = YES_AGGRESSIVE;
				CLANG_CXX_LANGUAGE_STANDARD = "gnu++14";
				CLANG_CXX_LIBRARY = "libc++";
				CLANG_ENABLE_MODULES = YES;
				CLANG_ENABLE_OBJC_ARC = YES;
				CLANG_ENABLE_OBJC_WEAK = YES;
				CLANG_WARN_BLOCK_CAPTURE_AUTORELEASING = YES;
				CLANG_WARN_BOOL_CONVERSION = YES;
				CLANG_WARN_COMMA = YES;
				CLANG_WARN_CONSTANT_CONVERSION = YES;
				CLANG_WARN_DEPRECATED_OBJC_IMPLEMENTATIONS = YES;
				CLANG_WARN_DIRECT_OBJC_ISA_USAGE = YES_ERROR;
				CLANG_WARN_DOCUMENTATION_COMMENTS = YES;
				CLANG_WARN_EMPTY_BODY = YES;
				CLANG_WARN_ENUM_CONVERSION = YES;
				CLANG_WARN_INFINITE_RECURSION = YES;
				CLANG_WARN_INT_CONVERSION = YES;
				CLANG_WARN_NON_LITERAL_NULL_CONVERSION = YES;
				CLANG_WARN_OBJC_IMPLICIT_RETAIN_SELF = YES;
				CLANG_WARN_OBJC_LITERAL_CONVERSION = YES;
				CLANG_WARN_OBJC_ROOT_CLASS = YES_ERROR;
				CLANG_WARN_RANGE_LOOP_ANALYSIS = YES;
				CLANG_WARN_STRICT_PROTOTYPES = YES;
				CLANG_WARN_SUSPICIOUS_MOVE = YES;
				CLANG_WARN_UNGUARDED_AVAILABILITY = YES_AGGRESSIVE;
				CLANG_WARN_UNREACHABLE_CODE = YES;
				CLANG_WARN__DUPLICATE_METHOD_MATCH = YES;
				COPY_PHASE_STRIP = NO;
				DEBUG_INFORMATION_FORMAT = "dwarf-with-dsym";
				ENABLE_NS_ASSERTIONS = NO;
				ENABLE_STRICT_OBJC_MSGSEND = YES;
				GCC_C_LANGUAGE_STANDARD = gnu11;
				GCC_NO_COMMON_BLOCKS = YES;
				GCC_WARN_64_TO_32_BIT_CONVERSION = YES;
				GCC_WARN_ABOUT_RETURN_TYPE = YES_ERROR;
				GCC_WARN_UNDECLARED_SELECTOR = YES;
				GCC_WARN_UNINITIALIZED_AUTOS = YES_AGGRESSIVE;
				GCC_WARN_UNUSED_FUNCTION = YES;
				GCC_WARN_UNUSED_VARIABLE = YES;
				IPHONEOS_DEPLOYMENT_TARGET = 13.1;
				MTL_ENABLE_DEBUG_INFO = NO;
				MTL_FAST_MATH = YES;
				SDKROOT = iphoneos;
				SWIFT_COMPILATION_MODE = wholemodule;
				SWIFT_OPTIMIZATION_LEVEL = "-O";
				VALIDATE_PRODUCT = YES;
			};
			name = Release;
		};
		960117322369BDA9009014EA /* Debug */ = {
			isa = XCBuildConfiguration;
			baseConfigurationReference = 845E07F4624958DD6378715E /* Pods-Salon Spa Appointments app.debug.xcconfig */;
			buildSettings = {
				ASSETCATALOG_COMPILER_APPICON_NAME = AppIcon;
				CODE_SIGN_STYLE = Automatic;
				DEVELOPMENT_TEAM = 9S3NPYW3DA;
				INFOPLIST_FILE = "Salon Spa Appointments app/Info.plist";
				LD_RUNPATH_SEARCH_PATHS = (
					"$(inherited)",
					"@executable_path/Frameworks",
				);
				PRODUCT_BUNDLE_IDENTIFIER = "Yusuf.Salon-Spa-Appointments-app";
				PRODUCT_NAME = "$(TARGET_NAME)";
				SWIFT_VERSION = 5.0;
				TARGETED_DEVICE_FAMILY = "1,2";
			};
			name = Debug;
		};
		960117332369BDA9009014EA /* Release */ = {
			isa = XCBuildConfiguration;
			baseConfigurationReference = 7E4AEC13D4B58B8B7E15F8B6 /* Pods-Salon Spa Appointments app.release.xcconfig */;
			buildSettings = {
				ASSETCATALOG_COMPILER_APPICON_NAME = AppIcon;
				CODE_SIGN_STYLE = Automatic;
				DEVELOPMENT_TEAM = 9S3NPYW3DA;
				INFOPLIST_FILE = "Salon Spa Appointments app/Info.plist";
				LD_RUNPATH_SEARCH_PATHS = (
					"$(inherited)",
					"@executable_path/Frameworks",
				);
				PRODUCT_BUNDLE_IDENTIFIER = "Yusuf.Salon-Spa-Appointments-app";
				PRODUCT_NAME = "$(TARGET_NAME)";
				SWIFT_VERSION = 5.0;
				TARGETED_DEVICE_FAMILY = "1,2";
			};
			name = Release;
		};
/* End XCBuildConfiguration section */

/* Begin XCConfigurationList section */
		960117162369BDA6009014EA /* Build configuration list for PBXProject "Salon Spa Appointments app" */ = {
			isa = XCConfigurationList;
			buildConfigurations = (
				9601172F2369BDA9009014EA /* Debug */,
				960117302369BDA9009014EA /* Release */,
			);
			defaultConfigurationIsVisible = 0;
			defaultConfigurationName = Release;
		};
		960117312369BDA9009014EA /* Build configuration list for PBXNativeTarget "Salon Spa Appointments app" */ = {
			isa = XCConfigurationList;
			buildConfigurations = (
				960117322369BDA9009014EA /* Debug */,
				960117332369BDA9009014EA /* Release */,
			);
			defaultConfigurationIsVisible = 0;
			defaultConfigurationName = Release;
		};
/* End XCConfigurationList section */
	};
	rootObject = 960117132369BDA6009014EA /* Project object */;
}
